
Microsoft Visual Studio Solution File, Format Version 12.00
Project("{FAE04EC0-301F-11D3-BF4B-00C04F79EFBC}") = "MarketLinker.Api", "MarketLinker.Api\MarketLinker.Api.csproj", "{E8B69BB2-90CB-4D32-87F2-1E18B4860898}"
EndProject
Project("{FAE04EC0-301F-11D3-BF4B-00C04F79EFBC}") = "MarketLinker.Application", "MarketLinker.Application\MarketLinker.Application.csproj", "{FD8273BD-BEC2-4C79-AA22-F01EA833F7FF}"
EndProject
Project("{FAE04EC0-301F-11D3-BF4B-00C04F79EFBC}") = "MarketLinker.Domain", "MarketLinker.Domain\MarketLinker.Domain.csproj", "{46B552A8-128F-4576-BA9F-EF121261C721}"
EndProject
Project("{FAE04EC0-301F-11D3-BF4B-00C04F79EFBC}") = "MarketLinker.Infrastructure", "MarketLinker.Infrastructure\MarketLinker.Infrastructure.csproj", "{7321FC9B-50C3-4E98-8011-2E9BEF39C029}"
EndProject
Global
	GlobalSection(SolutionConfigurationPlatforms) = preSolution
		Debug|Any CPU = Debug|Any CPU
		Release|Any CPU = Release|Any CPU
	EndGlobalSection
	GlobalSection(ProjectConfigurationPlatforms) = postSolution
		{E8B69BB2-90CB-4D32-87F2-1E18B4860898}.Debug|Any CPU.ActiveCfg = Debug|Any CPU
		{E8B69BB2-90CB-4D32-87F2-1E18B4860898}.Debug|Any CPU.Build.0 = Debug|Any CPU
		{E8B69BB2-90CB-4D32-87F2-1E18B4860898}.Release|Any CPU.ActiveCfg = Release|Any CPU
		{E8B69BB2-90CB-4D32-87F2-1E18B4860898}.Release|Any CPU.Build.0 = Release|Any CPU
		{FD8273BD-BEC2-4C79-AA22-F01EA833F7FF}.Debug|Any CPU.ActiveCfg = Debug|Any CPU
		{FD8273BD-BEC2-4C79-AA22-F01EA833F7FF}.Debug|Any CPU.Build.0 = Debug|Any CPU
		{FD8273BD-BEC2-4C79-AA22-F01EA833F7FF}.Release|Any CPU.ActiveCfg = Release|Any CPU
		{FD8273BD-BEC2-4C79-AA22-F01EA833F7FF}.Release|Any CPU.Build.0 = Release|Any CPU
		{46B552A8-128F-4576-BA9F-EF121261C721}.Debug|Any CPU.ActiveCfg = Debug|Any CPU
		{46B552A8-128F-4576-BA9F-EF121261C721}.Debug|Any CPU.Build.0 = Debug|Any CPU
		{46B552A8-128F-4576-BA9F-EF121261C721}.Release|Any CPU.ActiveCfg = Release|Any CPU
		{46B552A8-128F-4576-BA9F-EF121261C721}.Release|Any CPU.Build.0 = Release|Any CPU
		{7321FC9B-50C3-4E98-8011-2E9BEF39C029}.Debug|Any CPU.ActiveCfg = Debug|Any CPU
		{7321FC9B-50C3-4E98-8011-2E9BEF39C029}.Debug|Any CPU.Build.0 = Debug|Any CPU
		{7321FC9B-50C3-4E98-8011-2E9BEF39C029}.Release|Any CPU.ActiveCfg = Release|Any CPU
		{7321FC9B-50C3-4E98-8011-2E9BEF39C029}.Release|Any CPU.Build.0 = Release|Any CPU
	EndGlobalSection
EndGlobal
